
Microsoft Visual Studio Solution File, Format Version 12.00
# Visual Studio Version 16
VisualStudioVersion = 16.0.30204.135
MinimumVisualStudioVersion = 10.0.40219.1
Project("{FAE04EC0-301F-11D3-BF4B-00C04F79EFBC}") = "Project0.ConosoleApp", "Project0.ConosoleApp\Project0.ConosoleApp.csproj", "{798D9596-461E-43C3-B291-76C2D28D7E61}"
EndProject
Project("{FAE04EC0-301F-11D3-BF4B-00C04F79EFBC}") = "Project0.BusinessLogic", "Project0.BusinessLogic\Project0.BusinessLogic.csproj", "{9C72093C-F28D-41ED-9C3B-213B50F76DC0}"
EndProject
Project("{FAE04EC0-301F-11D3-BF4B-00C04F79EFBC}") = "Project0.Data", "Project0.Data\Project0.Data.csproj", "{BF412A3E-CB96-4ABE-B86F-966A53819F08}"
EndProject
Global
	GlobalSection(SolutionConfigurationPlatforms) = preSolution
		Debug|Any CPU = Debug|Any CPU
		Release|Any CPU = Release|Any CPU
	EndGlobalSection
	GlobalSection(ProjectConfigurationPlatforms) = postSolution
		{798D9596-461E-43C3-B291-76C2D28D7E61}.Debug|Any CPU.ActiveCfg = Debug|Any CPU
		{798D9596-461E-43C3-B291-76C2D28D7E61}.Debug|Any CPU.Build.0 = Debug|Any CPU
		{798D9596-461E-43C3-B291-76C2D28D7E61}.Release|Any CPU.ActiveCfg = Release|Any CPU
		{798D9596-461E-43C3-B291-76C2D28D7E61}.Release|Any CPU.Build.0 = Release|Any CPU
		{9C72093C-F28D-41ED-9C3B-213B50F76DC0}.Debug|Any CPU.ActiveCfg = Debug|Any CPU
		{9C72093C-F28D-41ED-9C3B-213B50F76DC0}.Debug|Any CPU.Build.0 = Debug|Any CPU
		{9C72093C-F28D-41ED-9C3B-213B50F76DC0}.Release|Any CPU.ActiveCfg = Release|Any CPU
		{9C72093C-F28D-41ED-9C3B-213B50F76DC0}.Release|Any CPU.Build.0 = Release|Any CPU
		{BF412A3E-CB96-4ABE-B86F-966A53819F08}.Debug|Any CPU.ActiveCfg = Debug|Any CPU
		{BF412A3E-CB96-4ABE-B86F-966A53819F08}.Debug|Any CPU.Build.0 = Debug|Any CPU
		{BF412A3E-CB96-4ABE-B86F-966A53819F08}.Release|Any CPU.ActiveCfg = Release|Any CPU
		{BF412A3E-CB96-4ABE-B86F-966A53819F08}.Release|Any CPU.Build.0 = Release|Any CPU
	EndGlobalSection
	GlobalSection(SolutionProperties) = preSolution
		HideSolutionNode = FALSE
	EndGlobalSection
	GlobalSection(ExtensibilityGlobals) = postSolution
		SolutionGuid = {1138DDF6-3819-4975-8150-B1D7546D0E76}
	EndGlobalSection
EndGlobal
